
Microsoft Visual Studio Solution File, Format Version 12.00
# Visual Studio 2013
VisualStudioVersion = 12.0.30110.0
MinimumVisualStudioVersion = 10.0.40219.1
Project("{FAE04EC0-301F-11D3-BF4B-00C04F79EFBC}") = "PluginMvcWeb", "PluginMvcWeb\PluginMvcWeb.csproj", "{D8E3794F-FF40-4F78-AB21-10BCF3DD50B3}"
EndProject
Project("{FAE04EC0-301F-11D3-BF4B-00C04F79EFBC}") = "PluginMvc.Framework", "PluginMvc.Framework\PluginMvc.Framework.csproj", "{A9C398A6-E41A-4C34-9FCE-6B7982FB53CA}"
EndProject
Project("{2150E333-8FDC-42A3-9474-1A3956D46DE8}") = "Plugins", "Plugins", "{932AD160-229D-4085-AA5F-A1B2ADC44468}"
EndProject
Project("{FAE04EC0-301F-11D3-BF4B-00C04F79EFBC}") = "PluginMvc.Contents", "PluginMvcWeb\Plugins\Contents\PluginMvc.Contents.csproj", "{353D623C-2F8D-4891-AC38-D3310C5F52DF}"
EndProject
Global
	GlobalSection(SolutionConfigurationPlatforms) = preSolution
		Debug|Any CPU = Debug|Any CPU
		Release|Any CPU = Release|Any CPU
	EndGlobalSection
	GlobalSection(ProjectConfigurationPlatforms) = postSolution
		{D8E3794F-FF40-4F78-AB21-10BCF3DD50B3}.Debug|Any CPU.ActiveCfg = Debug|Any CPU
		{D8E3794F-FF40-4F78-AB21-10BCF3DD50B3}.Debug|Any CPU.Build.0 = Debug|Any CPU
		{D8E3794F-FF40-4F78-AB21-10BCF3DD50B3}.Release|Any CPU.ActiveCfg = Release|Any CPU
		{D8E3794F-FF40-4F78-AB21-10BCF3DD50B3}.Release|Any CPU.Build.0 = Release|Any CPU
		{A9C398A6-E41A-4C34-9FCE-6B7982FB53CA}.Debug|Any CPU.ActiveCfg = Debug|Any CPU
		{A9C398A6-E41A-4C34-9FCE-6B7982FB53CA}.Debug|Any CPU.Build.0 = Debug|Any CPU
		{A9C398A6-E41A-4C34-9FCE-6B7982FB53CA}.Release|Any CPU.ActiveCfg = Release|Any CPU
		{A9C398A6-E41A-4C34-9FCE-6B7982FB53CA}.Release|Any CPU.Build.0 = Release|Any CPU
		{353D623C-2F8D-4891-AC38-D3310C5F52DF}.Debug|Any CPU.ActiveCfg = Debug|Any CPU
		{353D623C-2F8D-4891-AC38-D3310C5F52DF}.Debug|Any CPU.Build.0 = Debug|Any CPU
		{353D623C-2F8D-4891-AC38-D3310C5F52DF}.Release|Any CPU.ActiveCfg = Release|Any CPU
		{353D623C-2F8D-4891-AC38-D3310C5F52DF}.Release|Any CPU.Build.0 = Release|Any CPU
	EndGlobalSection
	GlobalSection(SolutionProperties) = preSolution
		HideSolutionNode = FALSE
	EndGlobalSection
	GlobalSection(NestedProjects) = preSolution
		{353D623C-2F8D-4891-AC38-D3310C5F52DF} = {932AD160-229D-4085-AA5F-A1B2ADC44468}
	EndGlobalSection
EndGlobal
