
Microsoft Visual Studio Solution File, Format Version 12.00
# Visual Studio 2013
VisualStudioVersion = 12.0.30110.0
MinimumVisualStudioVersion = 10.0.40219.1
Project("{FAE04EC0-301F-11D3-BF4B-00C04F79EFBC}") = "PluginMvcWeb", "PluginMvcWeb\PluginMvcWeb.csproj", "{D8E3794F-FF40-4F78-AB21-10BCF3DD50B3}"
EndProject
Project("{FAE04EC0-301F-11D3-BF4B-00C04F79EFBC}") = "PluginMvc.Framework", "PluginMvc.Framework\PluginMvc.Framework.csproj", "{A9C398A6-E41A-4C34-9FCE-6B7982FB53CA}"
EndProject
Project("{2150E333-8FDC-42A3-9474-1A3956D46DE8}") = "Plugins", "Plugins", "{932AD160-229D-4085-AA5F-A1B2ADC44468}"
EndProject
Project("{FAE04EC0-301F-11D3-BF4B-00C04F79EFBC}") = "Plugin.Contents", "PluginMvcWeb\Plugins\Contents\Plugin.Contents.csproj", "{353D623C-2F8D-4891-AC38-D3310C5F52DF}"
EndProject
Project("{FAE04EC0-301F-11D3-BF4B-00C04F79EFBC}") = "Admin", "PluginMvcWeb\Plugins\Admin\Admin.csproj", "{3420B0B3-D042-42A6-9C74-A77AD51A181D}"
EndProject
Project("{FAE04EC0-301F-11D3-BF4B-00C04F79EFBC}") = "Plugin.Contents.Models", "Plugins\Plugin.Contents.Models\Plugin.Contents.Models.csproj", "{A024513F-65A6-4180-BC6A-4B99187A4F59}"
EndProject
Project("{2150E333-8FDC-42A3-9474-1A3956D46DE8}") = "Contents", "Contents", "{01D01672-BD9A-4CD9-90BB-3043668ECF2B}"
EndProject
Global
	GlobalSection(SolutionConfigurationPlatforms) = preSolution
		Debug|Any CPU = Debug|Any CPU
		Release|Any CPU = Release|Any CPU
	EndGlobalSection
	GlobalSection(ProjectConfigurationPlatforms) = postSolution
		{D8E3794F-FF40-4F78-AB21-10BCF3DD50B3}.Debug|Any CPU.ActiveCfg = Debug|Any CPU
		{D8E3794F-FF40-4F78-AB21-10BCF3DD50B3}.Debug|Any CPU.Build.0 = Debug|Any CPU
		{D8E3794F-FF40-4F78-AB21-10BCF3DD50B3}.Release|Any CPU.ActiveCfg = Release|Any CPU
		{D8E3794F-FF40-4F78-AB21-10BCF3DD50B3}.Release|Any CPU.Build.0 = Release|Any CPU
		{A9C398A6-E41A-4C34-9FCE-6B7982FB53CA}.Debug|Any CPU.ActiveCfg = Debug|Any CPU
		{A9C398A6-E41A-4C34-9FCE-6B7982FB53CA}.Debug|Any CPU.Build.0 = Debug|Any CPU
		{A9C398A6-E41A-4C34-9FCE-6B7982FB53CA}.Release|Any CPU.ActiveCfg = Release|Any CPU
		{A9C398A6-E41A-4C34-9FCE-6B7982FB53CA}.Release|Any CPU.Build.0 = Release|Any CPU
		{353D623C-2F8D-4891-AC38-D3310C5F52DF}.Debug|Any CPU.ActiveCfg = Debug|Any CPU
		{353D623C-2F8D-4891-AC38-D3310C5F52DF}.Debug|Any CPU.Build.0 = Debug|Any CPU
		{353D623C-2F8D-4891-AC38-D3310C5F52DF}.Release|Any CPU.ActiveCfg = Release|Any CPU
		{353D623C-2F8D-4891-AC38-D3310C5F52DF}.Release|Any CPU.Build.0 = Release|Any CPU
		{3420B0B3-D042-42A6-9C74-A77AD51A181D}.Debug|Any CPU.ActiveCfg = Debug|Any CPU
		{3420B0B3-D042-42A6-9C74-A77AD51A181D}.Debug|Any CPU.Build.0 = Debug|Any CPU
		{3420B0B3-D042-42A6-9C74-A77AD51A181D}.Release|Any CPU.ActiveCfg = Release|Any CPU
		{3420B0B3-D042-42A6-9C74-A77AD51A181D}.Release|Any CPU.Build.0 = Release|Any CPU
		{A024513F-65A6-4180-BC6A-4B99187A4F59}.Debug|Any CPU.ActiveCfg = Debug|Any CPU
		{A024513F-65A6-4180-BC6A-4B99187A4F59}.Debug|Any CPU.Build.0 = Debug|Any CPU
		{A024513F-65A6-4180-BC6A-4B99187A4F59}.Release|Any CPU.ActiveCfg = Release|Any CPU
		{A024513F-65A6-4180-BC6A-4B99187A4F59}.Release|Any CPU.Build.0 = Release|Any CPU
	EndGlobalSection
	GlobalSection(SolutionProperties) = preSolution
		HideSolutionNode = FALSE
	EndGlobalSection
	GlobalSection(NestedProjects) = preSolution
		{3420B0B3-D042-42A6-9C74-A77AD51A181D} = {932AD160-229D-4085-AA5F-A1B2ADC44468}
		{01D01672-BD9A-4CD9-90BB-3043668ECF2B} = {932AD160-229D-4085-AA5F-A1B2ADC44468}
		{353D623C-2F8D-4891-AC38-D3310C5F52DF} = {01D01672-BD9A-4CD9-90BB-3043668ECF2B}
		{A024513F-65A6-4180-BC6A-4B99187A4F59} = {01D01672-BD9A-4CD9-90BB-3043668ECF2B}
	EndGlobalSection
EndGlobal
